
Microsoft Visual Studio Solution File, Format Version 12.00
# Visual Studio Version 16
VisualStudioVersion = 16.0.31313.79
MinimumVisualStudioVersion = 10.0.40219.1
Project("{9A19103F-16F7-4668-BE54-9A1E7A4F7556}") = "WPFNumericUpDn", "WPFNumericUpDn\WPFNumericUpDn.csproj", "{A6848429-13B4-4FE9-BC82-DE5758FA6194}"
EndProject
Project("{FAE04EC0-301F-11D3-BF4B-00C04F79EFBC}") = "WPFNumericUpDnDemo", "WPFNumericUpDnDemo\WPFNumericUpDnDemo.csproj", "{0CABBD51-EB4C-4479-B0DB-75C785CBE4F2}"
EndProject
Global
	GlobalSection(SolutionConfigurationPlatforms) = preSolution
		Debug|Any CPU = Debug|Any CPU
		Release|Any CPU = Release|Any CPU
	EndGlobalSection
	GlobalSection(ProjectConfigurationPlatforms) = postSolution
		{A6848429-13B4-4FE9-BC82-DE5758FA6194}.Debug|Any CPU.ActiveCfg = Debug|Any CPU
		{A6848429-13B4-4FE9-BC82-DE5758FA6194}.Debug|Any CPU.Build.0 = Debug|Any CPU
		{A6848429-13B4-4FE9-BC82-DE5758FA6194}.Release|Any CPU.ActiveCfg = Release|Any CPU
		{A6848429-13B4-4FE9-BC82-DE5758FA6194}.Release|Any CPU.Build.0 = Release|Any CPU
		{0CABBD51-EB4C-4479-B0DB-75C785CBE4F2}.Debug|Any CPU.ActiveCfg = Debug|Any CPU
		{0CABBD51-EB4C-4479-B0DB-75C785CBE4F2}.Debug|Any CPU.Build.0 = Debug|Any CPU
		{0CABBD51-EB4C-4479-B0DB-75C785CBE4F2}.Release|Any CPU.ActiveCfg = Release|Any CPU
		{0CABBD51-EB4C-4479-B0DB-75C785CBE4F2}.Release|Any CPU.Build.0 = Release|Any CPU
	EndGlobalSection
	GlobalSection(SolutionProperties) = preSolution
		HideSolutionNode = FALSE
	EndGlobalSection
	GlobalSection(ExtensibilityGlobals) = postSolution
		SolutionGuid = {E96CE656-D211-4F78-AADA-F798E23D4C27}
	EndGlobalSection
EndGlobal
